
Microsoft Visual Studio Solution File, Format Version 12.00
# Visual Studio Version 17
VisualStudioVersion = 17.5.33627.172
MinimumVisualStudioVersion = 10.0.40219.1
Project("{FAE04EC0-301F-11D3-BF4B-00C04F79EFBC}") = "Bai2", "Bai2\Bai2.csproj", "{F501E0C5-9859-426C-990C-5F0CEDF1E2E4}"
EndProject
Global
	GlobalSection(SolutionConfigurationPlatforms) = preSolution
		Debug|Any CPU = Debug|Any CPU
		Release|Any CPU = Release|Any CPU
	EndGlobalSection
	GlobalSection(ProjectConfigurationPlatforms) = postSolution
		{F501E0C5-9859-426C-990C-5F0CEDF1E2E4}.Debug|Any CPU.ActiveCfg = Debug|Any CPU
		{F501E0C5-9859-426C-990C-5F0CEDF1E2E4}.Debug|Any CPU.Build.0 = Debug|Any CPU
		{F501E0C5-9859-426C-990C-5F0CEDF1E2E4}.Release|Any CPU.ActiveCfg = Release|Any CPU
		{F501E0C5-9859-426C-990C-5F0CEDF1E2E4}.Release|Any CPU.Build.0 = Release|Any CPU
	EndGlobalSection
	GlobalSection(SolutionProperties) = preSolution
		HideSolutionNode = FALSE
	EndGlobalSection
	GlobalSection(ExtensibilityGlobals) = postSolution
		SolutionGuid = {5F2EE450-1A78-4A42-8310-93785A517C9B}
	EndGlobalSection
EndGlobal
